
Microsoft Visual Studio Solution File, Format Version 12.00
# Visual Studio Version 16
VisualStudioVersion = 16.0.29728.190
MinimumVisualStudioVersion = 10.0.40219.1
Project("{9A19103F-16F7-4668-BE54-9A1E7A4F7556}") = "Gourd.WebApi", "Gourd.WebApi\Gourd.WebApi.csproj", "{BE038FD9-849E-4AB3-B1C0-461B25CEB55D}"
EndProject
Project("{9A19103F-16F7-4668-BE54-9A1E7A4F7556}") = "Gourd.Application", "Gourd.Application\Gourd.Application.csproj", "{5C7BC615-9497-4B32-B181-144E9464DC18}"
EndProject
Project("{9A19103F-16F7-4668-BE54-9A1E7A4F7556}") = "Gourd.Domain", "Gourd.Domain\Gourd.Domain.csproj", "{91E898F7-2A48-45D8-903D-6DE252BB70F2}"
EndProject
Project("{9A19103F-16F7-4668-BE54-9A1E7A4F7556}") = "Gourd.Infrastructure", "Gourd.Infrastructure\Gourd.Infrastructure.csproj", "{9E5B009D-5E98-43A2-A84E-C1A8FCDA62F8}"
EndProject
Project("{2150E333-8FDC-42A3-9474-1A3956D46DE8}") = "01表现层", "01表现层", "{EF55F68A-B42C-481C-B3B6-BB4CA41EB510}"
EndProject
Project("{2150E333-8FDC-42A3-9474-1A3956D46DE8}") = "02应用层", "02应用层", "{504B8FA4-0F38-40FD-8B7F-E06CDDBDE482}"
EndProject
Project("{2150E333-8FDC-42A3-9474-1A3956D46DE8}") = "03领域层", "03领域层", "{034003FA-601E-47AB-B11D-92CC631A985C}"
EndProject
Project("{2150E333-8FDC-42A3-9474-1A3956D46DE8}") = "04基础设施", "04基础设施", "{B624FABF-55FA-40B1-B2EB-BFA905C7E7AF}"
EndProject
Project("{9A19103F-16F7-4668-BE54-9A1E7A4F7556}") = "Gourd.DomainCore", "Gourd.DomainCore\Gourd.DomainCore.csproj", "{F34D5D75-0A57-4DC1-88BA-BF96EC56FD04}"
EndProject
Project("{9A19103F-16F7-4668-BE54-9A1E7A4F7556}") = "Gourd.InitQ", "Gouurd.InitQ\Gourd.InitQ.csproj", "{11DA3D3F-498E-4DE4-ACCA-3883BA178038}"
EndProject
Project("{9A19103F-16F7-4668-BE54-9A1E7A4F7556}") = "Gourd.IdentityService", "Gourd.IdentityService\Gourd.IdentityService.csproj", "{5B8A2A2F-C608-4B10-B08D-AC4E53890896}"
EndProject
Project("{9A19103F-16F7-4668-BE54-9A1E7A4F7556}") = "Gourd.Admin", "Gourd.Admin\Gourd.Admin.csproj", "{C1B0E596-36CB-4D35-A5D3-F71793E82DCA}"
EndProject
Project("{FAE04EC0-301F-11D3-BF4B-00C04F79EFBC}") = "Gourd.IdentityApi", "Gourd.IdentityApi\Gourd.IdentityApi.csproj", "{130679D5-C432-4DBD-B50D-2EBBE6C310D0}"
EndProject
Global
	GlobalSection(SolutionConfigurationPlatforms) = preSolution
		Debug|Any CPU = Debug|Any CPU
		Release|Any CPU = Release|Any CPU
	EndGlobalSection
	GlobalSection(ProjectConfigurationPlatforms) = postSolution
		{BE038FD9-849E-4AB3-B1C0-461B25CEB55D}.Debug|Any CPU.ActiveCfg = Debug|Any CPU
		{BE038FD9-849E-4AB3-B1C0-461B25CEB55D}.Debug|Any CPU.Build.0 = Debug|Any CPU
		{BE038FD9-849E-4AB3-B1C0-461B25CEB55D}.Release|Any CPU.ActiveCfg = Release|Any CPU
		{BE038FD9-849E-4AB3-B1C0-461B25CEB55D}.Release|Any CPU.Build.0 = Release|Any CPU
		{5C7BC615-9497-4B32-B181-144E9464DC18}.Debug|Any CPU.ActiveCfg = Debug|Any CPU
		{5C7BC615-9497-4B32-B181-144E9464DC18}.Debug|Any CPU.Build.0 = Debug|Any CPU
		{5C7BC615-9497-4B32-B181-144E9464DC18}.Release|Any CPU.ActiveCfg = Release|Any CPU
		{5C7BC615-9497-4B32-B181-144E9464DC18}.Release|Any CPU.Build.0 = Release|Any CPU
		{91E898F7-2A48-45D8-903D-6DE252BB70F2}.Debug|Any CPU.ActiveCfg = Debug|Any CPU
		{91E898F7-2A48-45D8-903D-6DE252BB70F2}.Debug|Any CPU.Build.0 = Debug|Any CPU
		{91E898F7-2A48-45D8-903D-6DE252BB70F2}.Release|Any CPU.ActiveCfg = Release|Any CPU
		{91E898F7-2A48-45D8-903D-6DE252BB70F2}.Release|Any CPU.Build.0 = Release|Any CPU
		{9E5B009D-5E98-43A2-A84E-C1A8FCDA62F8}.Debug|Any CPU.ActiveCfg = Debug|Any CPU
		{9E5B009D-5E98-43A2-A84E-C1A8FCDA62F8}.Debug|Any CPU.Build.0 = Debug|Any CPU
		{9E5B009D-5E98-43A2-A84E-C1A8FCDA62F8}.Release|Any CPU.ActiveCfg = Release|Any CPU
		{9E5B009D-5E98-43A2-A84E-C1A8FCDA62F8}.Release|Any CPU.Build.0 = Release|Any CPU
		{F34D5D75-0A57-4DC1-88BA-BF96EC56FD04}.Debug|Any CPU.ActiveCfg = Debug|Any CPU
		{F34D5D75-0A57-4DC1-88BA-BF96EC56FD04}.Debug|Any CPU.Build.0 = Debug|Any CPU
		{F34D5D75-0A57-4DC1-88BA-BF96EC56FD04}.Release|Any CPU.ActiveCfg = Release|Any CPU
		{F34D5D75-0A57-4DC1-88BA-BF96EC56FD04}.Release|Any CPU.Build.0 = Release|Any CPU
		{11DA3D3F-498E-4DE4-ACCA-3883BA178038}.Debug|Any CPU.ActiveCfg = Debug|Any CPU
		{11DA3D3F-498E-4DE4-ACCA-3883BA178038}.Debug|Any CPU.Build.0 = Debug|Any CPU
		{11DA3D3F-498E-4DE4-ACCA-3883BA178038}.Release|Any CPU.ActiveCfg = Release|Any CPU
		{11DA3D3F-498E-4DE4-ACCA-3883BA178038}.Release|Any CPU.Build.0 = Release|Any CPU
		{5B8A2A2F-C608-4B10-B08D-AC4E53890896}.Debug|Any CPU.ActiveCfg = Debug|Any CPU
		{5B8A2A2F-C608-4B10-B08D-AC4E53890896}.Debug|Any CPU.Build.0 = Debug|Any CPU
		{5B8A2A2F-C608-4B10-B08D-AC4E53890896}.Release|Any CPU.ActiveCfg = Release|Any CPU
		{5B8A2A2F-C608-4B10-B08D-AC4E53890896}.Release|Any CPU.Build.0 = Release|Any CPU
		{C1B0E596-36CB-4D35-A5D3-F71793E82DCA}.Debug|Any CPU.ActiveCfg = Debug|Any CPU
		{C1B0E596-36CB-4D35-A5D3-F71793E82DCA}.Debug|Any CPU.Build.0 = Debug|Any CPU
		{C1B0E596-36CB-4D35-A5D3-F71793E82DCA}.Release|Any CPU.ActiveCfg = Release|Any CPU
		{C1B0E596-36CB-4D35-A5D3-F71793E82DCA}.Release|Any CPU.Build.0 = Release|Any CPU
		{130679D5-C432-4DBD-B50D-2EBBE6C310D0}.Debug|Any CPU.ActiveCfg = Debug|Any CPU
		{130679D5-C432-4DBD-B50D-2EBBE6C310D0}.Debug|Any CPU.Build.0 = Debug|Any CPU
		{130679D5-C432-4DBD-B50D-2EBBE6C310D0}.Release|Any CPU.ActiveCfg = Release|Any CPU
		{130679D5-C432-4DBD-B50D-2EBBE6C310D0}.Release|Any CPU.Build.0 = Release|Any CPU
	EndGlobalSection
	GlobalSection(SolutionProperties) = preSolution
		HideSolutionNode = FALSE
	EndGlobalSection
	GlobalSection(NestedProjects) = preSolution
		{BE038FD9-849E-4AB3-B1C0-461B25CEB55D} = {EF55F68A-B42C-481C-B3B6-BB4CA41EB510}
		{5C7BC615-9497-4B32-B181-144E9464DC18} = {504B8FA4-0F38-40FD-8B7F-E06CDDBDE482}
		{91E898F7-2A48-45D8-903D-6DE252BB70F2} = {034003FA-601E-47AB-B11D-92CC631A985C}
		{9E5B009D-5E98-43A2-A84E-C1A8FCDA62F8} = {B624FABF-55FA-40B1-B2EB-BFA905C7E7AF}
		{F34D5D75-0A57-4DC1-88BA-BF96EC56FD04} = {034003FA-601E-47AB-B11D-92CC631A985C}
		{11DA3D3F-498E-4DE4-ACCA-3883BA178038} = {B624FABF-55FA-40B1-B2EB-BFA905C7E7AF}
		{5B8A2A2F-C608-4B10-B08D-AC4E53890896} = {EF55F68A-B42C-481C-B3B6-BB4CA41EB510}
		{C1B0E596-36CB-4D35-A5D3-F71793E82DCA} = {EF55F68A-B42C-481C-B3B6-BB4CA41EB510}
		{130679D5-C432-4DBD-B50D-2EBBE6C310D0} = {EF55F68A-B42C-481C-B3B6-BB4CA41EB510}
	EndGlobalSection
	GlobalSection(ExtensibilityGlobals) = postSolution
		SolutionGuid = {FF176212-AD81-4488-A5ED-860D87831278}
	EndGlobalSection
EndGlobal
